// !$*UTF8*$!
{
	archiveVersion = 1;
	classes = {
	};
	objectVersion = 56;
	objects = {

/* Begin PBXBuildFile section */
		AE0006042B5EC3F6000C6A00 /* AppDelegate.swift in Sources */ = {isa = PBXBuildFile; fileRef = AE0006032B5EC3F6000C6A00 /* AppDelegate.swift */; };
		AE0006062B5EC3F6000C6A00 /* SceneDelegate.swift in Sources */ = {isa = PBXBuildFile; fileRef = AE0006052B5EC3F6000C6A00 /* SceneDelegate.swift */; };
		AE0006082B5EC3F6000C6A00 /* RMTabBarViewController.swift in Sources */ = {isa = PBXBuildFile; fileRef = AE0006072B5EC3F6000C6A00 /* RMTabBarViewController.swift */; };
		AE00060D2B5EC3F8000C6A00 /* Assets.xcassets in Resources */ = {isa = PBXBuildFile; fileRef = AE00060C2B5EC3F8000C6A00 /* Assets.xcassets */; };
		AE0006102B5EC3F8000C6A00 /* LaunchScreen.storyboard in Resources */ = {isa = PBXBuildFile; fileRef = AE00060E2B5EC3F8000C6A00 /* LaunchScreen.storyboard */; };
		AE00061F2B5ECB7B000C6A00 /* RMLocation.swift in Sources */ = {isa = PBXBuildFile; fileRef = AE00061E2B5ECB7B000C6A00 /* RMLocation.swift */; };
		AE0006212B5ECB88000C6A00 /* RMCharacter.swift in Sources */ = {isa = PBXBuildFile; fileRef = AE0006202B5ECB88000C6A00 /* RMCharacter.swift */; };
		AE0006232B5ECB9D000C6A00 /* RMEpisode.swift in Sources */ = {isa = PBXBuildFile; fileRef = AE0006222B5ECB9D000C6A00 /* RMEpisode.swift */; };
		AE0006262B5ECCA4000C6A00 /* RMLocationsViewController.swift in Sources */ = {isa = PBXBuildFile; fileRef = AE0006252B5ECCA4000C6A00 /* RMLocationsViewController.swift */; };
		AE0006282B5ECCB2000C6A00 /* RMCharactersViewController.swift in Sources */ = {isa = PBXBuildFile; fileRef = AE0006272B5ECCB2000C6A00 /* RMCharactersViewController.swift */; };
		AE00062A2B5ECCBB000C6A00 /* RMEpisodesViewController.swift in Sources */ = {isa = PBXBuildFile; fileRef = AE0006292B5ECCBB000C6A00 /* RMEpisodesViewController.swift */; };
		AE00062C2B5ECCE4000C6A00 /* RMSettingsViewController.swift in Sources */ = {isa = PBXBuildFile; fileRef = AE00062B2B5ECCE4000C6A00 /* RMSettingsViewController.swift */; };
		AE00062E2B5EE0A3000C6A00 /* RMService.swift in Sources */ = {isa = PBXBuildFile; fileRef = AE00062D2B5EE0A3000C6A00 /* RMService.swift */; };
		AE0006302B5EE0AD000C6A00 /* RMRequest.swift in Sources */ = {isa = PBXBuildFile; fileRef = AE00062F2B5EE0AD000C6A00 /* RMRequest.swift */; };
		AE0006322B5EE1DB000C6A00 /* RMEndpoint.swift in Sources */ = {isa = PBXBuildFile; fileRef = AE0006312B5EE1DB000C6A00 /* RMEndpoint.swift */; };
		AE0006352B60191B000C6A00 /* RMOrigin.swift in Sources */ = {isa = PBXBuildFile; fileRef = AE0006342B60191B000C6A00 /* RMOrigin.swift */; };
		AE0006372B60198B000C6A00 /* RMSingleLocation.swift in Sources */ = {isa = PBXBuildFile; fileRef = AE0006362B60198B000C6A00 /* RMSingleLocation.swift */; };
		AE0006392B601B89000C6A00 /* RMCharacterStatus.swift in Sources */ = {isa = PBXBuildFile; fileRef = AE0006382B601B89000C6A00 /* RMCharacterStatus.swift */; };
		AE00063B2B601C09000C6A00 /* RMCharacterGender.swift in Sources */ = {isa = PBXBuildFile; fileRef = AE00063A2B601C09000C6A00 /* RMCharacterGender.swift */; };
		AE0006452B617D10000C6A00 /* RMGetAllCharactersResponse.swift in Sources */ = {isa = PBXBuildFile; fileRef = AE0006442B617D10000C6A00 /* RMGetAllCharactersResponse.swift */; };
		AE0006472B62BAF7000C6A00 /* RMCharacterListViewModel.swift in Sources */ = {isa = PBXBuildFile; fileRef = AE0006462B62BAF7000C6A00 /* RMCharacterListViewModel.swift */; };
		AE0006492B62BB7A000C6A00 /* RMCharacterListView.swift in Sources */ = {isa = PBXBuildFile; fileRef = AE0006482B62BB7A000C6A00 /* RMCharacterListView.swift */; };
		AE00064B2B62C591000C6A00 /* Extensions.swift in Sources */ = {isa = PBXBuildFile; fileRef = AE00064A2B62C591000C6A00 /* Extensions.swift */; };
		AE642E862B651DF8002373B7 /* RMCharacterCollectionViewCell.swift in Sources */ = {isa = PBXBuildFile; fileRef = AE642E852B651DF8002373B7 /* RMCharacterCollectionViewCell.swift */; };
		AE642E882B6524EA002373B7 /* RMCharacterCollectionViewCellViewModel.swift in Sources */ = {isa = PBXBuildFile; fileRef = AE642E872B6524EA002373B7 /* RMCharacterCollectionViewCellViewModel.swift */; };
		AE642E8C2B669CBC002373B7 /* RMCharacterDetailViewController.swift in Sources */ = {isa = PBXBuildFile; fileRef = AE642E8B2B669CBC002373B7 /* RMCharacterDetailViewController.swift */; };
		AE642E8E2B669DC7002373B7 /* RMCharacterDetailView.swift in Sources */ = {isa = PBXBuildFile; fileRef = AE642E8D2B669DC7002373B7 /* RMCharacterDetailView.swift */; };
		AE642E902B669DEF002373B7 /* RMCharacterDetailViewViewModel.swift in Sources */ = {isa = PBXBuildFile; fileRef = AE642E8F2B669DEF002373B7 /* RMCharacterDetailViewViewModel.swift */; };
		AE642E922B67FCD1002373B7 /* RMFooterLoadingCollectionReusableView.swift in Sources */ = {isa = PBXBuildFile; fileRef = AE642E912B67FCD1002373B7 /* RMFooterLoadingCollectionReusableView.swift */; };
		AEC74E962B77C774005AF61B /* RMImageLoader.swift in Sources */ = {isa = PBXBuildFile; fileRef = AEC74E952B77C774005AF61B /* RMImageLoader.swift */; };
/* End PBXBuildFile section */

/* Begin PBXFileReference section */
		AE0006002B5EC3F6000C6A00 /* RickAndMorty.app */ = {isa = PBXFileReference; explicitFileType = wrapper.application; includeInIndex = 0; path = RickAndMorty.app; sourceTree = BUILT_PRODUCTS_DIR; };
		AE0006032B5EC3F6000C6A00 /* AppDelegate.swift */ = {isa = PBXFileReference; lastKnownFileType = sourcecode.swift; path = AppDelegate.swift; sourceTree = "<group>"; };
		AE0006052B5EC3F6000C6A00 /* SceneDelegate.swift */ = {isa = PBXFileReference; lastKnownFileType = sourcecode.swift; path = SceneDelegate.swift; sourceTree = "<group>"; };
		AE0006072B5EC3F6000C6A00 /* RMTabBarViewController.swift */ = {isa = PBXFileReference; lastKnownFileType = sourcecode.swift; path = RMTabBarViewController.swift; sourceTree = "<group>"; };
		AE00060C2B5EC3F8000C6A00 /* Assets.xcassets */ = {isa = PBXFileReference; lastKnownFileType = folder.assetcatalog; path = Assets.xcassets; sourceTree = "<group>"; };
		AE00060F2B5EC3F8000C6A00 /* Base */ = {isa = PBXFileReference; lastKnownFileType = file.storyboard; name = Base; path = Base.lproj/LaunchScreen.storyboard; sourceTree = "<group>"; };
		AE0006112B5EC3F8000C6A00 /* Info.plist */ = {isa = PBXFileReference; lastKnownFileType = text.plist.xml; path = Info.plist; sourceTree = "<group>"; };
		AE00061E2B5ECB7B000C6A00 /* RMLocation.swift */ = {isa = PBXFileReference; lastKnownFileType = sourcecode.swift; path = RMLocation.swift; sourceTree = "<group>"; };
		AE0006202B5ECB88000C6A00 /* RMCharacter.swift */ = {isa = PBXFileReference; lastKnownFileType = sourcecode.swift; path = RMCharacter.swift; sourceTree = "<group>"; };
		AE0006222B5ECB9D000C6A00 /* RMEpisode.swift */ = {isa = PBXFileReference; lastKnownFileType = sourcecode.swift; path = RMEpisode.swift; sourceTree = "<group>"; };
		AE0006252B5ECCA4000C6A00 /* RMLocationsViewController.swift */ = {isa = PBXFileReference; lastKnownFileType = sourcecode.swift; path = RMLocationsViewController.swift; sourceTree = "<group>"; };
		AE0006272B5ECCB2000C6A00 /* RMCharactersViewController.swift */ = {isa = PBXFileReference; lastKnownFileType = sourcecode.swift; path = RMCharactersViewController.swift; sourceTree = "<group>"; };
		AE0006292B5ECCBB000C6A00 /* RMEpisodesViewController.swift */ = {isa = PBXFileReference; lastKnownFileType = sourcecode.swift; path = RMEpisodesViewController.swift; sourceTree = "<group>"; };
		AE00062B2B5ECCE4000C6A00 /* RMSettingsViewController.swift */ = {isa = PBXFileReference; lastKnownFileType = sourcecode.swift; path = RMSettingsViewController.swift; sourceTree = "<group>"; };
		AE00062D2B5EE0A3000C6A00 /* RMService.swift */ = {isa = PBXFileReference; lastKnownFileType = sourcecode.swift; path = RMService.swift; sourceTree = "<group>"; };
		AE00062F2B5EE0AD000C6A00 /* RMRequest.swift */ = {isa = PBXFileReference; lastKnownFileType = sourcecode.swift; path = RMRequest.swift; sourceTree = "<group>"; };
		AE0006312B5EE1DB000C6A00 /* RMEndpoint.swift */ = {isa = PBXFileReference; lastKnownFileType = sourcecode.swift; path = RMEndpoint.swift; sourceTree = "<group>"; };
		AE0006342B60191B000C6A00 /* RMOrigin.swift */ = {isa = PBXFileReference; lastKnownFileType = sourcecode.swift; path = RMOrigin.swift; sourceTree = "<group>"; };
		AE0006362B60198B000C6A00 /* RMSingleLocation.swift */ = {isa = PBXFileReference; lastKnownFileType = sourcecode.swift; path = RMSingleLocation.swift; sourceTree = "<group>"; };
		AE0006382B601B89000C6A00 /* RMCharacterStatus.swift */ = {isa = PBXFileReference; lastKnownFileType = sourcecode.swift; path = RMCharacterStatus.swift; sourceTree = "<group>"; };
		AE00063A2B601C09000C6A00 /* RMCharacterGender.swift */ = {isa = PBXFileReference; lastKnownFileType = sourcecode.swift; path = RMCharacterGender.swift; sourceTree = "<group>"; };
		AE0006442B617D10000C6A00 /* RMGetAllCharactersResponse.swift */ = {isa = PBXFileReference; lastKnownFileType = sourcecode.swift; path = RMGetAllCharactersResponse.swift; sourceTree = "<group>"; };
		AE0006462B62BAF7000C6A00 /* RMCharacterListViewModel.swift */ = {isa = PBXFileReference; lastKnownFileType = sourcecode.swift; path = RMCharacterListViewModel.swift; sourceTree = "<group>"; };
		AE0006482B62BB7A000C6A00 /* RMCharacterListView.swift */ = {isa = PBXFileReference; lastKnownFileType = sourcecode.swift; path = RMCharacterListView.swift; sourceTree = "<group>"; };
		AE00064A2B62C591000C6A00 /* Extensions.swift */ = {isa = PBXFileReference; lastKnownFileType = sourcecode.swift; path = Extensions.swift; sourceTree = "<group>"; };
		AE642E852B651DF8002373B7 /* RMCharacterCollectionViewCell.swift */ = {isa = PBXFileReference; lastKnownFileType = sourcecode.swift; path = RMCharacterCollectionViewCell.swift; sourceTree = "<group>"; };
		AE642E872B6524EA002373B7 /* RMCharacterCollectionViewCellViewModel.swift */ = {isa = PBXFileReference; lastKnownFileType = sourcecode.swift; path = RMCharacterCollectionViewCellViewModel.swift; sourceTree = "<group>"; };
		AE642E8B2B669CBC002373B7 /* RMCharacterDetailViewController.swift */ = {isa = PBXFileReference; lastKnownFileType = sourcecode.swift; path = RMCharacterDetailViewController.swift; sourceTree = "<group>"; };
		AE642E8D2B669DC7002373B7 /* RMCharacterDetailView.swift */ = {isa = PBXFileReference; lastKnownFileType = sourcecode.swift; path = RMCharacterDetailView.swift; sourceTree = "<group>"; };
		AE642E8F2B669DEF002373B7 /* RMCharacterDetailViewViewModel.swift */ = {isa = PBXFileReference; lastKnownFileType = sourcecode.swift; path = RMCharacterDetailViewViewModel.swift; sourceTree = "<group>"; };
		AE642E912B67FCD1002373B7 /* RMFooterLoadingCollectionReusableView.swift */ = {isa = PBXFileReference; lastKnownFileType = sourcecode.swift; path = RMFooterLoadingCollectionReusableView.swift; sourceTree = "<group>"; };
		AEC74E952B77C774005AF61B /* RMImageLoader.swift */ = {isa = PBXFileReference; lastKnownFileType = sourcecode.swift; path = RMImageLoader.swift; sourceTree = "<group>"; };
/* End PBXFileReference section */

/* Begin PBXFrameworksBuildPhase section */
		AE0005FD2B5EC3F6000C6A00 /* Frameworks */ = {
			isa = PBXFrameworksBuildPhase;
			buildActionMask = 2147483647;
			files = (
			);
			runOnlyForDeploymentPostprocessing = 0;
		};
/* End PBXFrameworksBuildPhase section */

/* Begin PBXGroup section */
		AE0005F72B5EC3F6000C6A00 = {
			isa = PBXGroup;
			children = (
				AE0006022B5EC3F6000C6A00 /* RickAndMorty */,
				AE0006012B5EC3F6000C6A00 /* Products */,
			);
			sourceTree = "<group>";
		};
		AE0006012B5EC3F6000C6A00 /* Products */ = {
			isa = PBXGroup;
			children = (
				AE0006002B5EC3F6000C6A00 /* RickAndMorty.app */,
			);
			name = Products;
			sourceTree = "<group>";
		};
		AE0006022B5EC3F6000C6A00 /* RickAndMorty */ = {
			isa = PBXGroup;
			children = (
				AE00061D2B5ECA7E000C6A00 /* Resources */,
				AE00061C2B5ECA65000C6A00 /* Managers */,
				AE00061B2B5ECA5A000C6A00 /* APIClient */,
				AE00061A2B5ECA33000C6A00 /* ViewModels */,
				AE0006182B5ECA1D000C6A00 /* Views */,
				AE0006172B5ECA18000C6A00 /* Models */,
				AE0006192B5ECA23000C6A00 /* Controllers */,
				AE0006112B5EC3F8000C6A00 /* Info.plist */,
			);
			path = RickAndMorty;
			sourceTree = "<group>";
		};
		AE0006172B5ECA18000C6A00 /* Models */ = {
			isa = PBXGroup;
			children = (
				AE0006432B617CEB000C6A00 /* APIResponceTypes */,
				AE0006422B617CE2000C6A00 /* DataTypes */,
			);
			path = Models;
			sourceTree = "<group>";
		};
		AE0006182B5ECA1D000C6A00 /* Views */ = {
			isa = PBXGroup;
			children = (
				AE0006482B62BB7A000C6A00 /* RMCharacterListView.swift */,
				AE642E852B651DF8002373B7 /* RMCharacterCollectionViewCell.swift */,
				AE642E8D2B669DC7002373B7 /* RMCharacterDetailView.swift */,
				AE642E912B67FCD1002373B7 /* RMFooterLoadingCollectionReusableView.swift */,
			);
			path = Views;
			sourceTree = "<group>";
		};
		AE0006192B5ECA23000C6A00 /* Controllers */ = {
			isa = PBXGroup;
			children = (
				AE642E892B669C98002373B7 /* Other */,
				AE0006242B5ECC7E000C6A00 /* Core */,
			);
			path = Controllers;
			sourceTree = "<group>";
		};
		AE00061A2B5ECA33000C6A00 /* ViewModels */ = {
			isa = PBXGroup;
			children = (
				AE0006462B62BAF7000C6A00 /* RMCharacterListViewModel.swift */,
				AE642E872B6524EA002373B7 /* RMCharacterCollectionViewCellViewModel.swift */,
				AE642E8F2B669DEF002373B7 /* RMCharacterDetailViewViewModel.swift */,
			);
			path = ViewModels;
			sourceTree = "<group>";
		};
		AE00061B2B5ECA5A000C6A00 /* APIClient */ = {
			isa = PBXGroup;
			children = (
				AE00062D2B5EE0A3000C6A00 /* RMService.swift */,
				AE00062F2B5EE0AD000C6A00 /* RMRequest.swift */,
				AE0006312B5EE1DB000C6A00 /* RMEndpoint.swift */,
			);
			path = APIClient;
			sourceTree = "<group>";
		};
		AE00061C2B5ECA65000C6A00 /* Managers */ = {
			isa = PBXGroup;
			children = (
				AEC74E952B77C774005AF61B /* RMImageLoader.swift */,
			);
			path = Managers;
			sourceTree = "<group>";
		};
		AE00061D2B5ECA7E000C6A00 /* Resources */ = {
			isa = PBXGroup;
			children = (
				AE0006032B5EC3F6000C6A00 /* AppDelegate.swift */,
				AE0006052B5EC3F6000C6A00 /* SceneDelegate.swift */,
				AE00060C2B5EC3F8000C6A00 /* Assets.xcassets */,
				AE00060E2B5EC3F8000C6A00 /* LaunchScreen.storyboard */,
				AE00064A2B62C591000C6A00 /* Extensions.swift */,
			);
			path = Resources;
			sourceTree = "<group>";
		};
		AE0006242B5ECC7E000C6A00 /* Core */ = {
			isa = PBXGroup;
			children = (
				AE0006072B5EC3F6000C6A00 /* RMTabBarViewController.swift */,
				AE0006272B5ECCB2000C6A00 /* RMCharactersViewController.swift */,
				AE0006252B5ECCA4000C6A00 /* RMLocationsViewController.swift */,
				AE0006292B5ECCBB000C6A00 /* RMEpisodesViewController.swift */,
				AE00062B2B5ECCE4000C6A00 /* RMSettingsViewController.swift */,
			);
			path = Core;
			sourceTree = "<group>";
		};
		AE00063C2B601CF2000C6A00 /* Objects */ = {
			isa = PBXGroup;
			children = (
				AE0006362B60198B000C6A00 /* RMSingleLocation.swift */,
				AE0006382B601B89000C6A00 /* RMCharacterStatus.swift */,
				AE00063A2B601C09000C6A00 /* RMCharacterGender.swift */,
				AE0006342B60191B000C6A00 /* RMOrigin.swift */,
			);
			path = Objects;
			sourceTree = "<group>";
		};
		AE0006422B617CE2000C6A00 /* DataTypes */ = {
			isa = PBXGroup;
			children = (
				AE00061E2B5ECB7B000C6A00 /* RMLocation.swift */,
				AE0006202B5ECB88000C6A00 /* RMCharacter.swift */,
				AE0006222B5ECB9D000C6A00 /* RMEpisode.swift */,
				AE00063C2B601CF2000C6A00 /* Objects */,
			);
			path = DataTypes;
			sourceTree = "<group>";
		};
		AE0006432B617CEB000C6A00 /* APIResponceTypes */ = {
			isa = PBXGroup;
			children = (
				AE0006442B617D10000C6A00 /* RMGetAllCharactersResponse.swift */,
			);
			path = APIResponceTypes;
			sourceTree = "<group>";
		};
		AE642E892B669C98002373B7 /* Other */ = {
			isa = PBXGroup;
			children = (
				AE642E8B2B669CBC002373B7 /* RMCharacterDetailViewController.swift */,
			);
			path = Other;
			sourceTree = "<group>";
		};
/* End PBXGroup section */

/* Begin PBXNativeTarget section */
		AE0005FF2B5EC3F6000C6A00 /* RickAndMorty */ = {
			isa = PBXNativeTarget;
			buildConfigurationList = AE0006142B5EC3F8000C6A00 /* Build configuration list for PBXNativeTarget "RickAndMorty" */;
			buildPhases = (
				AE0005FC2B5EC3F6000C6A00 /* Sources */,
				AE0005FD2B5EC3F6000C6A00 /* Frameworks */,
				AE0005FE2B5EC3F6000C6A00 /* Resources */,
			);
			buildRules = (
			);
			dependencies = (
			);
			name = RickAndMorty;
			productName = RickAndMorty;
			productReference = AE0006002B5EC3F6000C6A00 /* RickAndMorty.app */;
			productType = "com.apple.product-type.application";
		};
/* End PBXNativeTarget section */

/* Begin PBXProject section */
		AE0005F82B5EC3F6000C6A00 /* Project object */ = {
			isa = PBXProject;
			attributes = {
				BuildIndependentTargetsInParallel = 1;
				LastSwiftUpdateCheck = 1500;
				LastUpgradeCheck = 1500;
				TargetAttributes = {
					AE0005FF2B5EC3F6000C6A00 = {
						CreatedOnToolsVersion = 15.0.1;
					};
				};
			};
			buildConfigurationList = AE0005FB2B5EC3F6000C6A00 /* Build configuration list for PBXProject "RickAndMorty" */;
			compatibilityVersion = "Xcode 14.0";
			developmentRegion = en;
			hasScannedForEncodings = 0;
			knownRegions = (
				en,
				Base,
			);
			mainGroup = AE0005F72B5EC3F6000C6A00;
			productRefGroup = AE0006012B5EC3F6000C6A00 /* Products */;
			projectDirPath = "";
			projectRoot = "";
			targets = (
				AE0005FF2B5EC3F6000C6A00 /* RickAndMorty */,
			);
		};
/* End PBXProject section */

/* Begin PBXResourcesBuildPhase section */
		AE0005FE2B5EC3F6000C6A00 /* Resources */ = {
			isa = PBXResourcesBuildPhase;
			buildActionMask = 2147483647;
			files = (
				AE0006102B5EC3F8000C6A00 /* LaunchScreen.storyboard in Resources */,
				AE00060D2B5EC3F8000C6A00 /* Assets.xcassets in Resources */,
			);
			runOnlyForDeploymentPostprocessing = 0;
		};
/* End PBXResourcesBuildPhase section */

/* Begin PBXSourcesBuildPhase section */
		AE0005FC2B5EC3F6000C6A00 /* Sources */ = {
			isa = PBXSourcesBuildPhase;
			buildActionMask = 2147483647;
			files = (
				AE0006352B60191B000C6A00 /* RMOrigin.swift in Sources */,
				AE642E902B669DEF002373B7 /* RMCharacterDetailViewViewModel.swift in Sources */,
				AE00062A2B5ECCBB000C6A00 /* RMEpisodesViewController.swift in Sources */,
				AE0006492B62BB7A000C6A00 /* RMCharacterListView.swift in Sources */,
				AE0006392B601B89000C6A00 /* RMCharacterStatus.swift in Sources */,
				AE00063B2B601C09000C6A00 /* RMCharacterGender.swift in Sources */,
				AE0006232B5ECB9D000C6A00 /* RMEpisode.swift in Sources */,
				AE642E8C2B669CBC002373B7 /* RMCharacterDetailViewController.swift in Sources */,
				AE642E922B67FCD1002373B7 /* RMFooterLoadingCollectionReusableView.swift in Sources */,
				AE0006082B5EC3F6000C6A00 /* RMTabBarViewController.swift in Sources */,
				AE0006452B617D10000C6A00 /* RMGetAllCharactersResponse.swift in Sources */,
				AE0006282B5ECCB2000C6A00 /* RMCharactersViewController.swift in Sources */,
				AE642E862B651DF8002373B7 /* RMCharacterCollectionViewCell.swift in Sources */,
				AE0006042B5EC3F6000C6A00 /* AppDelegate.swift in Sources */,
				AEC74E962B77C774005AF61B /* RMImageLoader.swift in Sources */,
				AE0006062B5EC3F6000C6A00 /* SceneDelegate.swift in Sources */,
				AE0006372B60198B000C6A00 /* RMSingleLocation.swift in Sources */,
				AE00062C2B5ECCE4000C6A00 /* RMSettingsViewController.swift in Sources */,
				AE00064B2B62C591000C6A00 /* Extensions.swift in Sources */,
				AE00062E2B5EE0A3000C6A00 /* RMService.swift in Sources */,
				AE0006262B5ECCA4000C6A00 /* RMLocationsViewController.swift in Sources */,
				AE0006322B5EE1DB000C6A00 /* RMEndpoint.swift in Sources */,
				AE00061F2B5ECB7B000C6A00 /* RMLocation.swift in Sources */,
				AE642E882B6524EA002373B7 /* RMCharacterCollectionViewCellViewModel.swift in Sources */,
				AE0006302B5EE0AD000C6A00 /* RMRequest.swift in Sources */,
				AE0006212B5ECB88000C6A00 /* RMCharacter.swift in Sources */,
				AE0006472B62BAF7000C6A00 /* RMCharacterListViewModel.swift in Sources */,
				AE642E8E2B669DC7002373B7 /* RMCharacterDetailView.swift in Sources */,
			);
			runOnlyForDeploymentPostprocessing = 0;
		};
/* End PBXSourcesBuildPhase section */

/* Begin PBXVariantGroup section */
		AE00060E2B5EC3F8000C6A00 /* LaunchScreen.storyboard */ = {
			isa = PBXVariantGroup;
			children = (
				AE00060F2B5EC3F8000C6A00 /* Base */,
			);
			name = LaunchScreen.storyboard;
			sourceTree = "<group>";
		};
/* End PBXVariantGroup section */

/* Begin XCBuildConfiguration section */
		AE0006122B5EC3F8000C6A00 /* Debug */ = {
			isa = XCBuildConfiguration;
			buildSettings = {
				ALWAYS_SEARCH_USER_PATHS = NO;
				ASSETCATALOG_COMPILER_GENERATE_SWIFT_ASSET_SYMBOL_EXTENSIONS = YES;
				CLANG_ANALYZER_NONNULL = YES;
				CLANG_ANALYZER_NUMBER_OBJECT_CONVERSION = YES_AGGRESSIVE;
				CLANG_CXX_LANGUAGE_STANDARD = "gnu++20";
				CLANG_ENABLE_MODULES = YES;
				CLANG_ENABLE_OBJC_ARC = YES;
				CLANG_ENABLE_OBJC_WEAK = YES;
				CLANG_WARN_BLOCK_CAPTURE_AUTORELEASING = YES;
				CLANG_WARN_BOOL_CONVERSION = YES;
				CLANG_WARN_COMMA = YES;
				CLANG_WARN_CONSTANT_CONVERSION = YES;
				CLANG_WARN_DEPRECATED_OBJC_IMPLEMENTATIONS = YES;
				CLANG_WARN_DIRECT_OBJC_ISA_USAGE = YES_ERROR;
				CLANG_WARN_DOCUMENTATION_COMMENTS = YES;
				CLANG_WARN_EMPTY_BODY = YES;
				CLANG_WARN_ENUM_CONVERSION = YES;
				CLANG_WARN_INFINITE_RECURSION = YES;
				CLANG_WARN_INT_CONVERSION = YES;
				CLANG_WARN_NON_LITERAL_NULL_CONVERSION = YES;
				CLANG_WARN_OBJC_IMPLICIT_RETAIN_SELF = YES;
				CLANG_WARN_OBJC_LITERAL_CONVERSION = YES;
				CLANG_WARN_OBJC_ROOT_CLASS = YES_ERROR;
				CLANG_WARN_QUOTED_INCLUDE_IN_FRAMEWORK_HEADER = YES;
				CLANG_WARN_RANGE_LOOP_ANALYSIS = YES;
				CLANG_WARN_STRICT_PROTOTYPES = YES;
				CLANG_WARN_SUSPICIOUS_MOVE = YES;
				CLANG_WARN_UNGUARDED_AVAILABILITY = YES_AGGRESSIVE;
				CLANG_WARN_UNREACHABLE_CODE = YES;
				CLANG_WARN__DUPLICATE_METHOD_MATCH = YES;
				COPY_PHASE_STRIP = NO;
				DEBUG_INFORMATION_FORMAT = dwarf;
				ENABLE_STRICT_OBJC_MSGSEND = YES;
				ENABLE_TESTABILITY = YES;
				ENABLE_USER_SCRIPT_SANDBOXING = YES;
				GCC_C_LANGUAGE_STANDARD = gnu17;
				GCC_DYNAMIC_NO_PIC = NO;
				GCC_NO_COMMON_BLOCKS = YES;
				GCC_OPTIMIZATION_LEVEL = 0;
				GCC_PREPROCESSOR_DEFINITIONS = (
					"DEBUG=1",
					"$(inherited)",
				);
				GCC_WARN_64_TO_32_BIT_CONVERSION = YES;
				GCC_WARN_ABOUT_RETURN_TYPE = YES_ERROR;
				GCC_WARN_UNDECLARED_SELECTOR = YES;
				GCC_WARN_UNINITIALIZED_AUTOS = YES_AGGRESSIVE;
				GCC_WARN_UNUSED_FUNCTION = YES;
				GCC_WARN_UNUSED_VARIABLE = YES;
				IPHONEOS_DEPLOYMENT_TARGET = 17.0;
				LOCALIZATION_PREFERS_STRING_CATALOGS = YES;
				MTL_ENABLE_DEBUG_INFO = INCLUDE_SOURCE;
				MTL_FAST_MATH = YES;
				ONLY_ACTIVE_ARCH = YES;
				SDKROOT = iphoneos;
				SWIFT_ACTIVE_COMPILATION_CONDITIONS = "DEBUG $(inherited)";
				SWIFT_OPTIMIZATION_LEVEL = "-Onone";
			};
			name = Debug;
		};
		AE0006132B5EC3F8000C6A00 /* Release */ = {
			isa = XCBuildConfiguration;
			buildSettings = {
				ALWAYS_SEARCH_USER_PATHS = NO;
				ASSETCATALOG_COMPILER_GENERATE_SWIFT_ASSET_SYMBOL_EXTENSIONS = YES;
				CLANG_ANALYZER_NONNULL = YES;
				CLANG_ANALYZER_NUMBER_OBJECT_CONVERSION = YES_AGGRESSIVE;
				CLANG_CXX_LANGUAGE_STANDARD = "gnu++20";
				CLANG_ENABLE_MODULES = YES;
				CLANG_ENABLE_OBJC_ARC = YES;
				CLANG_ENABLE_OBJC_WEAK = YES;
				CLANG_WARN_BLOCK_CAPTURE_AUTORELEASING = YES;
				CLANG_WARN_BOOL_CONVERSION = YES;
				CLANG_WARN_COMMA = YES;
				CLANG_WARN_CONSTANT_CONVERSION = YES;
				CLANG_WARN_DEPRECATED_OBJC_IMPLEMENTATIONS = YES;
				CLANG_WARN_DIRECT_OBJC_ISA_USAGE = YES_ERROR;
				CLANG_WARN_DOCUMENTATION_COMMENTS = YES;
				CLANG_WARN_EMPTY_BODY = YES;
				CLANG_WARN_ENUM_CONVERSION = YES;
				CLANG_WARN_INFINITE_RECURSION = YES;
				CLANG_WARN_INT_CONVERSION = YES;
				CLANG_WARN_NON_LITERAL_NULL_CONVERSION = YES;
				CLANG_WARN_OBJC_IMPLICIT_RETAIN_SELF = YES;
				CLANG_WARN_OBJC_LITERAL_CONVERSION = YES;
				CLANG_WARN_OBJC_ROOT_CLASS = YES_ERROR;
				CLANG_WARN_QUOTED_INCLUDE_IN_FRAMEWORK_HEADER = YES;
				CLANG_WARN_RANGE_LOOP_ANALYSIS = YES;
				CLANG_WARN_STRICT_PROTOTYPES = YES;
				CLANG_WARN_SUSPICIOUS_MOVE = YES;
				CLANG_WARN_UNGUARDED_AVAILABILITY = YES_AGGRESSIVE;
				CLANG_WARN_UNREACHABLE_CODE = YES;
				CLANG_WARN__DUPLICATE_METHOD_MATCH = YES;
				COPY_PHASE_STRIP = NO;
				DEBUG_INFORMATION_FORMAT = "dwarf-with-dsym";
				ENABLE_NS_ASSERTIONS = NO;
				ENABLE_STRICT_OBJC_MSGSEND = YES;
				ENABLE_USER_SCRIPT_SANDBOXING = YES;
				GCC_C_LANGUAGE_STANDARD = gnu17;
				GCC_NO_COMMON_BLOCKS = YES;
				GCC_WARN_64_TO_32_BIT_CONVERSION = YES;
				GCC_WARN_ABOUT_RETURN_TYPE = YES_ERROR;
				GCC_WARN_UNDECLARED_SELECTOR = YES;
				GCC_WARN_UNINITIALIZED_AUTOS = YES_AGGRESSIVE;
				GCC_WARN_UNUSED_FUNCTION = YES;
				GCC_WARN_UNUSED_VARIABLE = YES;
				IPHONEOS_DEPLOYMENT_TARGET = 17.0;
				LOCALIZATION_PREFERS_STRING_CATALOGS = YES;
				MTL_ENABLE_DEBUG_INFO = NO;
				MTL_FAST_MATH = YES;
				SDKROOT = iphoneos;
				SWIFT_COMPILATION_MODE = wholemodule;
				VALIDATE_PRODUCT = YES;
			};
			name = Release;
		};
		AE0006152B5EC3F8000C6A00 /* Debug */ = {
			isa = XCBuildConfiguration;
			buildSettings = {
				ASSETCATALOG_COMPILER_APPICON_NAME = AppIcon;
				ASSETCATALOG_COMPILER_GLOBAL_ACCENT_COLOR_NAME = AccentColor;
				CODE_SIGN_STYLE = Automatic;
				CURRENT_PROJECT_VERSION = 1;
				DEVELOPMENT_TEAM = LTW453RPC3;
				GENERATE_INFOPLIST_FILE = YES;
				INFOPLIST_FILE = RickAndMorty/Info.plist;
				INFOPLIST_KEY_UIApplicationSupportsIndirectInputEvents = YES;
				INFOPLIST_KEY_UILaunchStoryboardName = LaunchScreen;
				INFOPLIST_KEY_UIStatusBarStyle = "";
				INFOPLIST_KEY_UISupportedInterfaceOrientations = "UIInterfaceOrientationLandscapeLeft UIInterfaceOrientationLandscapeRight UIInterfaceOrientationPortrait";
				INFOPLIST_KEY_UISupportedInterfaceOrientations_iPad = "UIInterfaceOrientationLandscapeLeft UIInterfaceOrientationLandscapeRight UIInterfaceOrientationPortrait UIInterfaceOrientationPortraitUpsideDown";
				LD_RUNPATH_SEARCH_PATHS = (
					"$(inherited)",
					"@executable_path/Frameworks",
				);
				MARKETING_VERSION = 1.0;
				PRODUCT_BUNDLE_IDENTIFIER = com.yernar.RickAndMorty;
				PRODUCT_NAME = "$(TARGET_NAME)";
				SUPPORTED_PLATFORMS = "iphoneos iphonesimulator";
				SUPPORTS_MACCATALYST = NO;
				SUPPORTS_MAC_DESIGNED_FOR_IPHONE_IPAD = NO;
				SWIFT_EMIT_LOC_STRINGS = YES;
				SWIFT_VERSION = 5.0;
				TARGETED_DEVICE_FAMILY = 1;
			};
			name = Debug;
		};
		AE0006162B5EC3F8000C6A00 /* Release */ = {
			isa = XCBuildConfiguration;
			buildSettings = {
				ASSETCATALOG_COMPILER_APPICON_NAME = AppIcon;
				ASSETCATALOG_COMPILER_GLOBAL_ACCENT_COLOR_NAME = AccentColor;
				CODE_SIGN_STYLE = Automatic;
				CURRENT_PROJECT_VERSION = 1;
				DEVELOPMENT_TEAM = LTW453RPC3;
				GENERATE_INFOPLIST_FILE = YES;
				INFOPLIST_FILE = RickAndMorty/Info.plist;
				INFOPLIST_KEY_UIApplicationSupportsIndirectInputEvents = YES;
				INFOPLIST_KEY_UILaunchStoryboardName = LaunchScreen;
				INFOPLIST_KEY_UIStatusBarStyle = "";
				INFOPLIST_KEY_UISupportedInterfaceOrientations = "UIInterfaceOrientationLandscapeLeft UIInterfaceOrientationLandscapeRight UIInterfaceOrientationPortrait";
				INFOPLIST_KEY_UISupportedInterfaceOrientations_iPad = "UIInterfaceOrientationLandscapeLeft UIInterfaceOrientationLandscapeRight UIInterfaceOrientationPortrait UIInterfaceOrientationPortraitUpsideDown";
				LD_RUNPATH_SEARCH_PATHS = (
					"$(inherited)",
					"@executable_path/Frameworks",
				);
				MARKETING_VERSION = 1.0;
				PRODUCT_BUNDLE_IDENTIFIER = com.yernar.RickAndMorty;
				PRODUCT_NAME = "$(TARGET_NAME)";
				SUPPORTED_PLATFORMS = "iphoneos iphonesimulator";
				SUPPORTS_MACCATALYST = NO;
				SUPPORTS_MAC_DESIGNED_FOR_IPHONE_IPAD = NO;
				SWIFT_EMIT_LOC_STRINGS = YES;
				SWIFT_VERSION = 5.0;
				TARGETED_DEVICE_FAMILY = 1;
			};
			name = Release;
		};
/* End XCBuildConfiguration section */

/* Begin XCConfigurationList section */
		AE0005FB2B5EC3F6000C6A00 /* Build configuration list for PBXProject "RickAndMorty" */ = {
			isa = XCConfigurationList;
			buildConfigurations = (
				AE0006122B5EC3F8000C6A00 /* Debug */,
				AE0006132B5EC3F8000C6A00 /* Release */,
			);
			defaultConfigurationIsVisible = 0;
			defaultConfigurationName = Release;
		};
		AE0006142B5EC3F8000C6A00 /* Build configuration list for PBXNativeTarget "RickAndMorty" */ = {
			isa = XCConfigurationList;
			buildConfigurations = (
				AE0006152B5EC3F8000C6A00 /* Debug */,
				AE0006162B5EC3F8000C6A00 /* Release */,
			);
			defaultConfigurationIsVisible = 0;
			defaultConfigurationName = Release;
		};
/* End XCConfigurationList section */
	};
	rootObject = AE0005F82B5EC3F6000C6A00 /* Project object */;
}
